
Microsoft Visual Studio Solution File, Format Version 12.00
# Visual Studio Version 16
VisualStudioVersion = 16.0.30804.86
MinimumVisualStudioVersion = 10.0.40219.1
Project("{FAE04EC0-301F-11D3-BF4B-00C04F79EFBC}") = "Password_Recorder", "Password_Recorder.csproj", "{784FB195-A874-476C-BA33-1D80CABE6F68}"
EndProject
Global
	GlobalSection(SolutionConfigurationPlatforms) = preSolution
		Debug|Any CPU = Debug|Any CPU
		Release|Any CPU = Release|Any CPU
	EndGlobalSection
	GlobalSection(ProjectConfigurationPlatforms) = postSolution
		{784FB195-A874-476C-BA33-1D80CABE6F68}.Debug|Any CPU.ActiveCfg = Debug|Any CPU
		{784FB195-A874-476C-BA33-1D80CABE6F68}.Debug|Any CPU.Build.0 = Debug|Any CPU
		{784FB195-A874-476C-BA33-1D80CABE6F68}.Release|Any CPU.ActiveCfg = Release|Any CPU
		{784FB195-A874-476C-BA33-1D80CABE6F68}.Release|Any CPU.Build.0 = Release|Any CPU
	EndGlobalSection
	GlobalSection(SolutionProperties) = preSolution
		HideSolutionNode = FALSE
	EndGlobalSection
	GlobalSection(ExtensibilityGlobals) = postSolution
		SolutionGuid = {78986809-4566-478D-9DCA-26964966CEA5}
	EndGlobalSection
EndGlobal
